lockfileVersion: '9.0'

settings:
  autoInstallPeers: true
  excludeLinksFromLockfile: false

importers:

  .:
    dependencies:
      chalk:
        specifier: ^5.3.0
        version: 5.4.1
      chevrotain:
        specifier: ^11.0.3
        version: 11.0.3
      commander:
        specifier: ^12.0.0
        version: 12.1.0

packages:

  '@chevrotain/cst-dts-gen@11.0.3':
    resolution: {integrity: sha512-BvIKpRLeS/8UbfxXxgC33xOumsacaeCKAjAeLyOn7Pcp95HiRbrpl14S+9vaZLolnbssPIUuiUd8IvgkRyt6NQ==}

  '@chevrotain/gast@11.0.3':
    resolution: {integrity: sha512-+qNfcoNk70PyS/uxmj3li5NiECO+2YKZZQMbmjTqRI3Qchu8Hig/Q9vgkHpI3alNjr7M+a2St5pw5w5F6NL5/Q==}

  '@chevrotain/regexp-to-ast@11.0.3':
    resolution: {integrity: sha512-1fMHaBZxLFvWI067AVbGJav1eRY7N8DDvYCTwGBiE/ytKBgP8azTdgyrKyWZ9Mfh09eHWb5PgTSO8wi7U824RA==}

  '@chevrotain/types@11.0.3':
    resolution: {integrity: sha512-gsiM3G8b58kZC2HaWR50gu6Y1440cHiJ+i3JUvcp/35JchYejb2+5MVeJK0iKThYpAa/P2PYFV4hoi44HD+aHQ==}

  '@chevrotain/utils@11.0.3':
    resolution: {integrity: sha512-YslZMgtJUyuMbZ+aKvfF3x1f5liK4mWNxghFRv7jqRR9C3R3fAOGTTKvxXDa2Y1s9zSbcpuO0cAxDYsc9SrXoQ==}

  chalk@5.4.1:
    resolution: {integrity: sha512-zgVZuo2WcZgfUEmsn6eO3kINexW8RAE4maiQ8QNs8CtpPCSyMiYsULR3HQYkm3w8FIA3SberyMJMSldGsW+U3w==}
    engines: {node: ^12.17.0 || ^14.13 || >=16.0.0}

  chevrotain@11.0.3:
    resolution: {integrity: sha512-ci2iJH6LeIkvP9eJW6gpueU8cnZhv85ELY8w8WiFtNjMHA5ad6pQLaJo9mEly/9qUyCpvqX8/POVUTf18/HFdw==}

  commander@12.1.0:
    resolution: {integrity: sha512-Vw8qHK3bZM9y/P10u3Vib8o/DdkvA2OtPtZvD871QKjy74Wj1WSKFILMPRPSdUSx5RFK1arlJzEtA4PkFgnbuA==}
    engines: {node: '>=18'}

  lodash-es@4.17.21:
    resolution: {integrity: sha512-mKnC+QJ9pWVzv+C4/U3rRsHapFfHvQFoFB92e52xeyGMcX6/OlIl78je1u8vePzYZSkkogMPJ2yjxxsb89cxyw==}

snapshots:

  '@chevrotain/cst-dts-gen@11.0.3':
    dependencies:
      '@chevrotain/gast': 11.0.3
      '@chevrotain/types': 11.0.3
      lodash-es: 4.17.21

  '@chevrotain/gast@11.0.3':
    dependencies:
      '@chevrotain/types': 11.0.3
      lodash-es: 4.17.21

  '@chevrotain/regexp-to-ast@11.0.3': {}

  '@chevrotain/types@11.0.3': {}

  '@chevrotain/utils@11.0.3': {}

  chalk@5.4.1: {}

  chevrotain@11.0.3:
    dependencies:
      '@chevrotain/cst-dts-gen': 11.0.3
      '@chevrotain/gast': 11.0.3
      '@chevrotain/regexp-to-ast': 11.0.3
      '@chevrotain/types': 11.0.3
      '@chevrotain/utils': 11.0.3
      lodash-es: 4.17.21

  commander@12.1.0: {}

  lodash-es@4.17.21: {}
